version = 1
revision = 3
requires-python = ">=3.13"

[[package]]
name = "repl-nix-workspace"
version = "0.1.0"
source = { virtual = "." }
dependencies = [
    { name = "xlrd" },
]

[package.metadata]
requires-dist = [{ name = "xlrd", specifier = ">=2.0.2" }]

[[package]]
name = "xlrd"
version = "2.0.2"
source = { registry = "https://pypi.org/simple" }
sdist = { url = "https://files.pythonhosted.org/packages/07/5a/377161c2d3538d1990d7af382c79f3b2372e880b65de21b01b1a2b78691e/xlrd-2.0.2.tar.gz", hash = "sha256:08b5e25de58f21ce71dc7db3b3b8106c1fa776f3024c54e45b45b374e89234c9", size = 100167, upload-time = "2025-06-14T08:46:39.039Z" }
wheels = [
    { url = "https://files.pythonhosted.org/packages/1a/62/c8d562e7766786ba6587d09c5a8ba9f718ed3fa8af7f4553e8f91c36f302/xlrd-2.0.2-py2.py3-none-any.whl", hash = "sha256:ea762c3d29f4cca48d82df517b6d89fbce4db3107f9d78713e48cd321d5c9aa9", size = 96555, upload-time = "2025-06-14T08:46:37.766Z" },
]
